PODS:
  - FXBlurView (1.6.4)
  - Masonry (0.5.3)
  - TencentOpenApiSDK (2.9.3):
    - TencentOpenApiSDK/Basic (= 2.9.3)
  - TencentOpenApiSDK/Basic (2.9.3)
  - Weibo (2.4.2)
  - WeixinSDK (1.4.3)

DEPENDENCIES:
  - FXBlurView (~> 1.6.3)
  - Masonry (~> 0.5.3)
  - TencentOpenApiSDK (~> 2.9.0)
  - Weibo (~> 2.4.2)
  - WeixinSDK (~> 1.4.3)

SPEC CHECKSUMS:
  FXBlurView: db786c2561cb49a09ae98407f52460096ab8a44f
  Masonry: 9f515466afe48632562342a40a1c224071a1a022
  TencentOpenApiSDK: 70b1f27739df956205cd59538b428f928b278b7b
  Weibo: ed569ffed6eb043a159ac3b01dc5122b4e1fd77a
  WeixinSDK: 012c72fbaf8cef68afa7b0d0bb81c67a7a5c9136

COCOAPODS: 0.39.0
